
Microsoft Visual Studio Solution File, Format Version 12.00
# Visual Studio Version 17
VisualStudioVersion = 17.0.32112.339
MinimumVisualStudioVersion = 10.0.40219.1
Project("{9A19103F-16F7-4668-BE54-9A1E7A4F7556}") = "Domain", "Domain\Domain.csproj", "{96CCA8B3-81B6-44BC-8E25-F984496959A1}"
EndProject
Project("{9A19103F-16F7-4668-BE54-9A1E7A4F7556}") = "Application", "Application\Application.csproj", "{16832FE6-8DCB-4163-9EA5-FDB9FA25F43D}"
EndProject
Project("{9A19103F-16F7-4668-BE54-9A1E7A4F7556}") = "Infrastructure", "Infrastructure\Infrastructure.csproj", "{0E355B28-70A8-4F17-B0AE-B86435CBFEBB}"
EndProject
Project("{9A19103F-16F7-4668-BE54-9A1E7A4F7556}") = "WebUI", "WebUI\WebUI.csproj", "{F6FA545D-8CE2-435D-B166-D27F1F566FA6}"
EndProject
Project("{9A19103F-16F7-4668-BE54-9A1E7A4F7556}") = "WebApi", "WebApi\WebApi.csproj", "{66F53571-256B-442E-880C-304FD916CE51}"
EndProject
Global
	GlobalSection(SolutionConfigurationPlatforms) = preSolution
		Debug|Any CPU = Debug|Any CPU
		Release|Any CPU = Release|Any CPU
	EndGlobalSection
	GlobalSection(ProjectConfigurationPlatforms) = postSolution
		{96CCA8B3-81B6-44BC-8E25-F984496959A1}.Debug|Any CPU.ActiveCfg = Debug|Any CPU
		{96CCA8B3-81B6-44BC-8E25-F984496959A1}.Debug|Any CPU.Build.0 = Debug|Any CPU
		{96CCA8B3-81B6-44BC-8E25-F984496959A1}.Release|Any CPU.ActiveCfg = Release|Any CPU
		{96CCA8B3-81B6-44BC-8E25-F984496959A1}.Release|Any CPU.Build.0 = Release|Any CPU
		{16832FE6-8DCB-4163-9EA5-FDB9FA25F43D}.Debug|Any CPU.ActiveCfg = Debug|Any CPU
		{16832FE6-8DCB-4163-9EA5-FDB9FA25F43D}.Debug|Any CPU.Build.0 = Debug|Any CPU
		{16832FE6-8DCB-4163-9EA5-FDB9FA25F43D}.Release|Any CPU.ActiveCfg = Release|Any CPU
		{16832FE6-8DCB-4163-9EA5-FDB9FA25F43D}.Release|Any CPU.Build.0 = Release|Any CPU
		{0E355B28-70A8-4F17-B0AE-B86435CBFEBB}.Debug|Any CPU.ActiveCfg = Debug|Any CPU
		{0E355B28-70A8-4F17-B0AE-B86435CBFEBB}.Debug|Any CPU.Build.0 = Debug|Any CPU
		{0E355B28-70A8-4F17-B0AE-B86435CBFEBB}.Release|Any CPU.ActiveCfg = Release|Any CPU
		{0E355B28-70A8-4F17-B0AE-B86435CBFEBB}.Release|Any CPU.Build.0 = Release|Any CPU
		{F6FA545D-8CE2-435D-B166-D27F1F566FA6}.Debug|Any CPU.ActiveCfg = Debug|Any CPU
		{F6FA545D-8CE2-435D-B166-D27F1F566FA6}.Debug|Any CPU.Build.0 = Debug|Any CPU
		{F6FA545D-8CE2-435D-B166-D27F1F566FA6}.Release|Any CPU.ActiveCfg = Release|Any CPU
		{F6FA545D-8CE2-435D-B166-D27F1F566FA6}.Release|Any CPU.Build.0 = Release|Any CPU
		{66F53571-256B-442E-880C-304FD916CE51}.Debug|Any CPU.ActiveCfg = Debug|Any CPU
		{66F53571-256B-442E-880C-304FD916CE51}.Debug|Any CPU.Build.0 = Debug|Any CPU
		{66F53571-256B-442E-880C-304FD916CE51}.Release|Any CPU.ActiveCfg = Release|Any CPU
		{66F53571-256B-442E-880C-304FD916CE51}.Release|Any CPU.Build.0 = Release|Any CPU
	EndGlobalSection
	GlobalSection(SolutionProperties) = preSolution
		HideSolutionNode = FALSE
	EndGlobalSection
	GlobalSection(ExtensibilityGlobals) = postSolution
		SolutionGuid = {DA91BFC4-71A8-461A-A26C-11671E0DAC39}
	EndGlobalSection
EndGlobal
