
Microsoft Visual Studio Solution File, Format Version 12.00
# Visual Studio Version 17
VisualStudioVersion = 17.0.32112.339
MinimumVisualStudioVersion = 10.0.40219.1
Project("{FAE04EC0-301F-11D3-BF4B-00C04F79EFBC}") = "Domain", "Domain\Domain.csproj", "{96CCA8B3-81B6-44BC-8E25-F984496959A1}"
EndProject
Project("{FAE04EC0-301F-11D3-BF4B-00C04F79EFBC}") = "Application", "Application\Application.csproj", "{16832FE6-8DCB-4163-9EA5-FDB9FA25F43D}"
EndProject
Project("{FAE04EC0-301F-11D3-BF4B-00C04F79EFBC}") = "Infrastructure", "Infrastructure\Infrastructure.csproj", "{0E355B28-70A8-4F17-B0AE-B86435CBFEBB}"
EndProject
Project("{FAE04EC0-301F-11D3-BF4B-00C04F79EFBC}") = "Web", "Web\Web.csproj", "{2AAD4030-703C-438D-A341-ECE3417BD00D}"
EndProject
Global
	GlobalSection(SolutionConfigurationPlatforms) = preSolution
		Debug|Any CPU = Debug|Any CPU
		Release|Any CPU = Release|Any CPU
	EndGlobalSection
	GlobalSection(ProjectConfigurationPlatforms) = postSolution
		{96CCA8B3-81B6-44BC-8E25-F984496959A1}.Debug|Any CPU.ActiveCfg = Debug|Any CPU
		{96CCA8B3-81B6-44BC-8E25-F984496959A1}.Debug|Any CPU.Build.0 = Debug|Any CPU
		{96CCA8B3-81B6-44BC-8E25-F984496959A1}.Release|Any CPU.ActiveCfg = Release|Any CPU
		{96CCA8B3-81B6-44BC-8E25-F984496959A1}.Release|Any CPU.Build.0 = Release|Any CPU
		{16832FE6-8DCB-4163-9EA5-FDB9FA25F43D}.Debug|Any CPU.ActiveCfg = Debug|Any CPU
		{16832FE6-8DCB-4163-9EA5-FDB9FA25F43D}.Debug|Any CPU.Build.0 = Debug|Any CPU
		{16832FE6-8DCB-4163-9EA5-FDB9FA25F43D}.Release|Any CPU.ActiveCfg = Release|Any CPU
		{16832FE6-8DCB-4163-9EA5-FDB9FA25F43D}.Release|Any CPU.Build.0 = Release|Any CPU
		{0E355B28-70A8-4F17-B0AE-B86435CBFEBB}.Debug|Any CPU.ActiveCfg = Debug|Any CPU
		{0E355B28-70A8-4F17-B0AE-B86435CBFEBB}.Debug|Any CPU.Build.0 = Debug|Any CPU
		{0E355B28-70A8-4F17-B0AE-B86435CBFEBB}.Release|Any CPU.ActiveCfg = Release|Any CPU
		{0E355B28-70A8-4F17-B0AE-B86435CBFEBB}.Release|Any CPU.Build.0 = Release|Any CPU
		{2AAD4030-703C-438D-A341-ECE3417BD00D}.Debug|Any CPU.ActiveCfg = Debug|Any CPU
		{2AAD4030-703C-438D-A341-ECE3417BD00D}.Debug|Any CPU.Build.0 = Debug|Any CPU
		{2AAD4030-703C-438D-A341-ECE3417BD00D}.Release|Any CPU.ActiveCfg = Release|Any CPU
		{2AAD4030-703C-438D-A341-ECE3417BD00D}.Release|Any CPU.Build.0 = Release|Any CPU
	EndGlobalSection
	GlobalSection(SolutionProperties) = preSolution
		HideSolutionNode = FALSE
	EndGlobalSection
	GlobalSection(ExtensibilityGlobals) = postSolution
		SolutionGuid = {DA91BFC4-71A8-461A-A26C-11671E0DAC39}
	EndGlobalSection
EndGlobal
